// !$*UTF8*$!
{
	archiveVersion = 1;
	classes = {
	};
	objectVersion = 51;
	objects = {

/* Begin PBXBuildFile section */
		E6588E9C226B7FF6008968D1 /* MovieDetailsViewController.swift in Sources */ = {isa = PBXBuildFile; fileRef = E6588E9B226B7FF6008968D1 /* MovieDetailsViewController.swift */; };
		E6588E9E226B9E94008968D1 /* MovieGridViewController.swift in Sources */ = {isa = PBXBuildFile; fileRef = E6588E9D226B9E94008968D1 /* MovieGridViewController.swift */; };
		E6588EA0226BBB5D008968D1 /* MovieGridCell.swift in Sources */ = {isa = PBXBuildFile; fileRef = E6588E9F226BBB5D008968D1 /* MovieGridCell.swift */; };
		E6F413D1225FBAE300F633CB /* AppDelegate.swift in Sources */ = {isa = PBXBuildFile; fileRef = E6F413D0225FBAE300F633CB /* AppDelegate.swift */; };
		E6F413D6225FBAE300F633CB /* Main.storyboard in Resources */ = {isa = PBXBuildFile; fileRef = E6F413D4225FBAE300F633CB /* Main.storyboard */; };
		E6F413D8225FBAEA00F633CB /* Assets.xcassets in Resources */ = {isa = PBXBuildFile; fileRef = E6F413D7225FBAEA00F633CB /* Assets.xcassets */; };
		E6F413DB225FBAEA00F633CB /* LaunchScreen.storyboard in Resources */ = {isa = PBXBuildFile; fileRef = E6F413D9225FBAEA00F633CB /* LaunchScreen.storyboard */; };
		E6F413E3225FBBE600F633CB /* MoviesViewController.swift in Sources */ = {isa = PBXBuildFile; fileRef = E6F413E2225FBBE600F633CB /* MoviesViewController.swift */; };
		E6F413E5225FC63C00F633CB /* MovieCell.swift in Sources */ = {isa = PBXBuildFile; fileRef = E6F413E4225FC63C00F633CB /* MovieCell.swift */; };
		EBA159B2B43668E5D351FB43 /* Pods_flixster.framework in Frameworks */ = {isa = PBXBuildFile; fileRef = 4AC59F8F14D2B47655941F8A /* Pods_flixster.framework */; };
/* End PBXBuildFile section */

/* Begin PBXFileReference section */
		007D0036B281D79D15648081 /* Pods-flixster.release.xcconfig */ = {isa = PBXFileReference; includeInIndex = 1; lastKnownFileType = text.xcconfig; name = "Pods-flixster.release.xcconfig"; path = "Target Support Files/Pods-flixster/Pods-flixster.release.xcconfig"; sourceTree = "<group>"; };
		4AC59F8F14D2B47655941F8A /* Pods_flixster.framework */ = {isa = PBXFileReference; explicitFileType = wrapper.framework; includeInIndex = 0; path = Pods_flixster.framework; sourceTree = BUILT_PRODUCTS_DIR; };
		66C3A3CECBDCBC0103A3AD2D /* Pods-flixster.debug.xcconfig */ = {isa = PBXFileReference; includeInIndex = 1; lastKnownFileType = text.xcconfig; name = "Pods-flixster.debug.xcconfig"; path = "Target Support Files/Pods-flixster/Pods-flixster.debug.xcconfig"; sourceTree = "<group>"; };
		E6588E9B226B7FF6008968D1 /* MovieDetailsViewController.swift */ = {isa = PBXFileReference; lastKnownFileType = sourcecode.swift; path = MovieDetailsViewController.swift; sourceTree = "<group>"; };
		E6588E9D226B9E94008968D1 /* MovieGridViewController.swift */ = {isa = PBXFileReference; lastKnownFileType = sourcecode.swift; path = MovieGridViewController.swift; sourceTree = "<group>"; };
		E6588E9F226BBB5D008968D1 /* MovieGridCell.swift */ = {isa = PBXFileReference; lastKnownFileType = sourcecode.swift; path = MovieGridCell.swift; sourceTree = "<group>"; };
		E6F413CD225FBAE300F633CB /* flixster.app */ = {isa = PBXFileReference; explicitFileType = wrapper.application; includeInIndex = 0; path = flixster.app; sourceTree = BUILT_PRODUCTS_DIR; };
		E6F413D0225FBAE300F633CB /* AppDelegate.swift */ = {isa = PBXFileReference; lastKnownFileType = sourcecode.swift; path = AppDelegate.swift; sourceTree = "<group>"; };
		E6F413D5225FBAE300F633CB /* Base */ = {isa = PBXFileReference; lastKnownFileType = file.storyboard; name = Base; path = Base.lproj/Main.storyboard; sourceTree = "<group>"; };
		E6F413D7225FBAEA00F633CB /* Assets.xcassets */ = {isa = PBXFileReference; lastKnownFileType = folder.assetcatalog; path = Assets.xcassets; sourceTree = "<group>"; };
		E6F413DA225FBAEA00F633CB /* Base */ = {isa = PBXFileReference; lastKnownFileType = file.storyboard; name = Base; path = Base.lproj/LaunchScreen.storyboard; sourceTree = "<group>"; };
		E6F413DC225FBAEA00F633CB /* Info.plist */ = {isa = PBXFileReference; lastKnownFileType = text.plist.xml; path = Info.plist; sourceTree = "<group>"; };
		E6F413E2225FBBE600F633CB /* MoviesViewController.swift */ = {isa = PBXFileReference; lastKnownFileType = sourcecode.swift; path = MoviesViewController.swift; sourceTree = "<group>"; };
		E6F413E4225FC63C00F633CB /* MovieCell.swift */ = {isa = PBXFileReference; lastKnownFileType = sourcecode.swift; path = MovieCell.swift; sourceTree = "<group>"; };
/* End PBXFileReference section */

/* Begin PBXFrameworksBuildPhase section */
		E6F413CA225FBAE300F633CB /* Frameworks */ = {
			isa = PBXFrameworksBuildPhase;
			buildActionMask = 2147483647;
			files = (
				EBA159B2B43668E5D351FB43 /* Pods_flixster.framework in Frameworks */,
			);
			runOnlyForDeploymentPostprocessing = 0;
		};
/* End PBXFrameworksBuildPhase section */

/* Begin PBXGroup section */
		7AA51BD36ED15096F5A8BBC3 /* Frameworks */ = {
			isa = PBXGroup;
			children = (
				4AC59F8F14D2B47655941F8A /* Pods_flixster.framework */,
			);
			name = Frameworks;
			sourceTree = "<group>";
		};
		E6F413C4225FBAE300F633CB = {
			isa = PBXGroup;
			children = (
				E6F413CF225FBAE300F633CB /* flixster */,
				E6F413CE225FBAE300F633CB /* Products */,
				FF9825482AFFA161DD5E13CA /* Pods */,
				7AA51BD36ED15096F5A8BBC3 /* Frameworks */,
			);
			sourceTree = "<group>";
		};
		E6F413CE225FBAE300F633CB /* Products */ = {
			isa = PBXGroup;
			children = (
				E6F413CD225FBAE300F633CB /* flixster.app */,
			);
			name = Products;
			sourceTree = "<group>";
		};
		E6F413CF225FBAE300F633CB /* flixster */ = {
			isa = PBXGroup;
			children = (
				E6F413D0225FBAE300F633CB /* AppDelegate.swift */,
				E6588E9B226B7FF6008968D1 /* MovieDetailsViewController.swift */,
				E6F413E2225FBBE600F633CB /* MoviesViewController.swift */,
				E6588E9D226B9E94008968D1 /* MovieGridViewController.swift */,
				E6F413D4225FBAE300F633CB /* Main.storyboard */,
				E6F413E4225FC63C00F633CB /* MovieCell.swift */,
				E6588E9F226BBB5D008968D1 /* MovieGridCell.swift */,
				E6F413D9225FBAEA00F633CB /* LaunchScreen.storyboard */,
				E6F413DC225FBAEA00F633CB /* Info.plist */,
				E6F413D7225FBAEA00F633CB /* Assets.xcassets */,
			);
			path = flixster;
			sourceTree = "<group>";
		};
		FF9825482AFFA161DD5E13CA /* Pods */ = {
			isa = PBXGroup;
			children = (
				66C3A3CECBDCBC0103A3AD2D /* Pods-flixster.debug.xcconfig */,
				007D0036B281D79D15648081 /* Pods-flixster.release.xcconfig */,
			);
			path = Pods;
			sourceTree = "<group>";
		};
/* End PBXGroup section */

/* Begin PBXNativeTarget section */
		E6F413CC225FBAE300F633CB /* flixster */ = {
			isa = PBXNativeTarget;
			buildConfigurationList = E6F413DF225FBAEA00F633CB /* Build configuration list for PBXNativeTarget "flixster" */;
			buildPhases = (
				7891D498E8C5A544C3078B3E /* [CP] Check Pods Manifest.lock */,
				E6F413C9225FBAE300F633CB /* Sources */,
				E6F413CA225FBAE300F633CB /* Frameworks */,
				E6F413CB225FBAE300F633CB /* Resources */,
				C5D25E2D10F294BFF9D01C92 /* [CP] Embed Pods Frameworks */,
			);
			buildRules = (
			);
			dependencies = (
			);
			name = flixster;
			productName = flixster;
			productReference = E6F413CD225FBAE300F633CB /* flixster.app */;
			productType = "com.apple.product-type.application";
		};
/* End PBXNativeTarget section */

/* Begin PBXProject section */
		E6F413C5225FBAE300F633CB /* Project object */ = {
			isa = PBXProject;
			attributes = {
				LastSwiftUpdateCheck = 1020;
				LastUpgradeCheck = 1020;
				ORGANIZATIONNAME = "Joey Hwang";
				TargetAttributes = {
					E6F413CC225FBAE300F633CB = {
						CreatedOnToolsVersion = 10.2;
					};
				};
			};
			buildConfigurationList = E6F413C8225FBAE300F633CB /* Build configuration list for PBXProject "flixster" */;
			compatibilityVersion = "Xcode 9.3";
			developmentRegion = en;
			hasScannedForEncodings = 0;
			knownRegions = (
				en,
				Base,
			);
			mainGroup = E6F413C4225FBAE300F633CB;
			productRefGroup = E6F413CE225FBAE300F633CB /* Products */;
			projectDirPath = "";
			projectRoot = "";
			targets = (
				E6F413CC225FBAE300F633CB /* flixster */,
			);
		};
/* End PBXProject section */

/* Begin PBXResourcesBuildPhase section */
		E6F413CB225FBAE300F633CB /* Resources */ = {
			isa = PBXResourcesBuildPhase;
			buildActionMask = 2147483647;
			files = (
				E6F413DB225FBAEA00F633CB /* LaunchScreen.storyboard in Resources */,
				E6F413D8225FBAEA00F633CB /* Assets.xcassets in Resources */,
				E6F413D6225FBAE300F633CB /* Main.storyboard in Resources */,
			);
			runOnlyForDeploymentPostprocessing = 0;
		};
/* End PBXResourcesBuildPhase section */

/* Begin PBXShellScriptBuildPhase section */
		7891D498E8C5A544C3078B3E /* [CP] Check Pods Manifest.lock */ = {
			isa = PBXShellScriptBuildPhase;
			buildActionMask = 2147483647;
			files = (
			);
			inputFileListPaths = (
			);
			inputPaths = (
				"${PODS_PODFILE_DIR_PATH}/Podfile.lock",
				"${PODS_ROOT}/Manifest.lock",
			);
			name = "[CP] Check Pods Manifest.lock";
			outputFileListPaths = (
			);
			outputPaths = (
				"$(DERIVED_FILE_DIR)/Pods-flixster-checkManifestLockResult.txt",
			);
			runOnlyForDeploymentPostprocessing = 0;
			shellPath = /bin/sh;
			shellScript = "diff \"${PODS_PODFILE_DIR_PATH}/Podfile.lock\" \"${PODS_ROOT}/Manifest.lock\" > /dev/null\nif [ $? != 0 ] ; then\n    # print error to STDERR\n    echo \"error: The sandbox is not in sync with the Podfile.lock. Run 'pod install' or update your CocoaPods installation.\" >&2\n    exit 1\nfi\n# This output is used by Xcode 'outputs' to avoid re-running this script phase.\necho \"SUCCESS\" > \"${SCRIPT_OUTPUT_FILE_0}\"\n";
			showEnvVarsInLog = 0;
		};
		C5D25E2D10F294BFF9D01C92 /* [CP] Embed Pods Frameworks */ = {
			isa = PBXShellScriptBuildPhase;
			buildActionMask = 2147483647;
			files = (
			);
			inputFileListPaths = (
				"${PODS_ROOT}/Target Support Files/Pods-flixster/Pods-flixster-frameworks-${CONFIGURATION}-input-files.xcfilelist",
			);
			name = "[CP] Embed Pods Frameworks";
			outputFileListPaths = (
				"${PODS_ROOT}/Target Support Files/Pods-flixster/Pods-flixster-frameworks-${CONFIGURATION}-output-files.xcfilelist",
			);
			runOnlyForDeploymentPostprocessing = 0;
			shellPath = /bin/sh;
			shellScript = "\"${PODS_ROOT}/Target Support Files/Pods-flixster/Pods-flixster-frameworks.sh\"\n";
			showEnvVarsInLog = 0;
		};
/* End PBXShellScriptBuildPhase section */

/* Begin PBXSourcesBuildPhase section */
		E6F413C9225FBAE300F633CB /* Sources */ = {
			isa = PBXSourcesBuildPhase;
			buildActionMask = 2147483647;
			files = (
				E6588E9E226B9E94008968D1 /* MovieGridViewController.swift in Sources */,
				E6588E9C226B7FF6008968D1 /* MovieDetailsViewController.swift in Sources */,
				E6F413D1225FBAE300F633CB /* AppDelegate.swift in Sources */,
				E6F413E3225FBBE600F633CB /* MoviesViewController.swift in Sources */,
				E6588EA0226BBB5D008968D1 /* MovieGridCell.swift in Sources */,
				E6F413E5225FC63C00F633CB /* MovieCell.swift in Sources */,
			);
			runOnlyForDeploymentPostprocessing = 0;
		};
/* End PBXSourcesBuildPhase section */

/* Begin PBXVariantGroup section */
		E6F413D4225FBAE300F633CB /* Main.storyboard */ = {
			isa = PBXVariantGroup;
			children = (
				E6F413D5225FBAE300F633CB /* Base */,
			);
			name = Main.storyboard;
			sourceTree = "<group>";
		};
		E6F413D9225FBAEA00F633CB /* LaunchScreen.storyboard */ = {
			isa = PBXVariantGroup;
			children = (
				E6F413DA225FBAEA00F633CB /* Base */,
			);
			name = LaunchScreen.storyboard;
			sourceTree = "<group>";
		};
/* End PBXVariantGroup section */

/* Begin XCBuildConfiguration section */
		E6F413DD225FBAEA00F633CB /* Debug */ = {
			isa = XCBuildConfiguration;
			buildSettings = {
				ALWAYS_SEARCH_USER_PATHS = NO;
				CLANG_ANALYZER_NONNULL = YES;
				CLANG_ANALYZER_NUMBER_OBJECT_CONVERSION = YES_AGGRESSIVE;
				CLANG_CXX_LANGUAGE_STANDARD = "gnu++14";
				CLANG_CXX_LIBRARY = "libc++";
				CLANG_ENABLE_MODULES = YES;
				CLANG_ENABLE_OBJC_ARC = YES;
				CLANG_ENABLE_OBJC_WEAK = YES;
				CLANG_WARN_BLOCK_CAPTURE_AUTORELEASING = YES;
				CLANG_WARN_BOOL_CONVERSION = YES;
				CLANG_WARN_COMMA = YES;
				CLANG_WARN_CONSTANT_CONVERSION = YES;
				CLANG_WARN_DEPRECATED_OBJC_IMPLEMENTATIONS = YES;
				CLANG_WARN_DIRECT_OBJC_ISA_USAGE = YES_ERROR;
				CLANG_WARN_DOCUMENTATION_COMMENTS = YES;
				CLANG_WARN_EMPTY_BODY = YES;
				CLANG_WARN_ENUM_CONVERSION = YES;
				CLANG_WARN_INFINITE_RECURSION = YES;
				CLANG_WARN_INT_CONVERSION = YES;
				CLANG_WARN_NON_LITERAL_NULL_CONVERSION = YES;
				CLANG_WARN_OBJC_IMPLICIT_RETAIN_SELF = YES;
				CLANG_WARN_OBJC_LITERAL_CONVERSION = YES;
				CLANG_WARN_OBJC_ROOT_CLASS = YES_ERROR;
				CLANG_WARN_RANGE_LOOP_ANALYSIS = YES;
				CLANG_WARN_STRICT_PROTOTYPES = YES;
				CLANG_WARN_SUSPICIOUS_MOVE = YES;
				CLANG_WARN_UNGUARDED_AVAILABILITY = YES_AGGRESSIVE;
				CLANG_WARN_UNREACHABLE_CODE = YES;
				CLANG_WARN__DUPLICATE_METHOD_MATCH = YES;
				CODE_SIGN_IDENTITY = "iPhone Developer";
				COPY_PHASE_STRIP = NO;
				DEBUG_INFORMATION_FORMAT = dwarf;
				ENABLE_STRICT_OBJC_MSGSEND = YES;
				ENABLE_TESTABILITY = YES;
				GCC_C_LANGUAGE_STANDARD = gnu11;
				GCC_DYNAMIC_NO_PIC = NO;
				GCC_NO_COMMON_BLOCKS = YES;
				GCC_OPTIMIZATION_LEVEL = 0;
				GCC_PREPROCESSOR_DEFINITIONS = (
					"DEBUG=1",
					"$(inherited)",
				);
				GCC_WARN_64_TO_32_BIT_CONVERSION = YES;
				GCC_WARN_ABOUT_RETURN_TYPE = YES_ERROR;
				GCC_WARN_UNDECLARED_SELECTOR = YES;
				GCC_WARN_UNINITIALIZED_AUTOS = YES_AGGRESSIVE;
				GCC_WARN_UNUSED_FUNCTION = YES;
				GCC_WARN_UNUSED_VARIABLE = YES;
				IPHONEOS_DEPLOYMENT_TARGET = 12.2;
				MTL_ENABLE_DEBUG_INFO = INCLUDE_SOURCE;
				MTL_FAST_MATH = YES;
				ONLY_ACTIVE_ARCH = YES;
				SDKROOT = iphoneos;
				SWIFT_ACTIVE_COMPILATION_CONDITIONS = DEBUG;
				SWIFT_OPTIMIZATION_LEVEL = "-Onone";
			};
			name = Debug;
		};
		E6F413DE225FBAEA00F633CB /* Release */ = {
			isa = XCBuildConfiguration;
			buildSettings = {
				ALWAYS_SEARCH_USER_PATHS = NO;
				CLANG_ANALYZER_NONNULL = YES;
				CLANG_ANALYZER_NUMBER_OBJECT_CONVERSION = YES_AGGRESSIVE;
				CLANG_CXX_LANGUAGE_STANDARD = "gnu++14";
				CLANG_CXX_LIBRARY = "libc++";
				CLANG_ENABLE_MODULES = YES;
				CLANG_ENABLE_OBJC_ARC = YES;
				CLANG_ENABLE_OBJC_WEAK = YES;
				CLANG_WARN_BLOCK_CAPTURE_AUTORELEASING = YES;
				CLANG_WARN_BOOL_CONVERSION = YES;
				CLANG_WARN_COMMA = YES;
				CLANG_WARN_CONSTANT_CONVERSION = YES;
				CLANG_WARN_DEPRECATED_OBJC_IMPLEMENTATIONS = YES;
				CLANG_WARN_DIRECT_OBJC_ISA_USAGE = YES_ERROR;
				CLANG_WARN_DOCUMENTATION_COMMENTS = YES;
				CLANG_WARN_EMPTY_BODY = YES;
				CLANG_WARN_ENUM_CONVERSION = YES;
				CLANG_WARN_INFINITE_RECURSION = YES;
				CLANG_WARN_INT_CONVERSION = YES;
				CLANG_WARN_NON_LITERAL_NULL_CONVERSION = YES;
				CLANG_WARN_OBJC_IMPLICIT_RETAIN_SELF = YES;
				CLANG_WARN_OBJC_LITERAL_CONVERSION = YES;
				CLANG_WARN_OBJC_ROOT_CLASS = YES_ERROR;
				CLANG_WARN_RANGE_LOOP_ANALYSIS = YES;
				CLANG_WARN_STRICT_PROTOTYPES = YES;
				CLANG_WARN_SUSPICIOUS_MOVE = YES;
				CLANG_WARN_UNGUARDED_AVAILABILITY = YES_AGGRESSIVE;
				CLANG_WARN_UNREACHABLE_CODE = YES;
				CLANG_WARN__DUPLICATE_METHOD_MATCH = YES;
				CODE_SIGN_IDENTITY = "iPhone Developer";
				COPY_PHASE_STRIP = NO;
				DEBUG_INFORMATION_FORMAT = "dwarf-with-dsym";
				ENABLE_NS_ASSERTIONS = NO;
				ENABLE_STRICT_OBJC_MSGSEND = YES;
				GCC_C_LANGUAGE_STANDARD = gnu11;
				GCC_NO_COMMON_BLOCKS = YES;
				GCC_WARN_64_TO_32_BIT_CONVERSION = YES;
				GCC_WARN_ABOUT_RETURN_TYPE = YES_ERROR;
				GCC_WARN_UNDECLARED_SELECTOR = YES;
				GCC_WARN_UNINITIALIZED_AUTOS = YES_AGGRESSIVE;
				GCC_WARN_UNUSED_FUNCTION = YES;
				GCC_WARN_UNUSED_VARIABLE = YES;
				IPHONEOS_DEPLOYMENT_TARGET = 12.2;
				MTL_ENABLE_DEBUG_INFO = NO;
				MTL_FAST_MATH = YES;
				SDKROOT = iphoneos;
				SWIFT_COMPILATION_MODE = wholemodule;
				SWIFT_OPTIMIZATION_LEVEL = "-O";
				VALIDATE_PRODUCT = YES;
			};
			name = Release;
		};
		E6F413E0225FBAEA00F633CB /* Debug */ = {
			isa = XCBuildConfiguration;
			baseConfigurationReference = 66C3A3CECBDCBC0103A3AD2D /* Pods-flixster.debug.xcconfig */;
			buildSettings = {
				ASSETCATALOG_COMPILER_APPICON_NAME = AppIcon;
				CODE_SIGN_STYLE = Automatic;
				DEVELOPMENT_TEAM = 3QWK23BRHC;
				INFOPLIST_FILE = flixster/Info.plist;
				LD_RUNPATH_SEARCH_PATHS = (
					"$(inherited)",
					"@executable_path/Frameworks",
				);
				PRODUCT_BUNDLE_IDENTIFIER = com.joeyhwang.flixster;
				PRODUCT_NAME = "$(TARGET_NAME)";
				SWIFT_VERSION = 5.0;
				TARGETED_DEVICE_FAMILY = "1,2";
			};
			name = Debug;
		};
		E6F413E1225FBAEA00F633CB /* Release */ = {
			isa = XCBuildConfiguration;
			baseConfigurationReference = 007D0036B281D79D15648081 /* Pods-flixster.release.xcconfig */;
			buildSettings = {
				ASSETCATALOG_COMPILER_APPICON_NAME = AppIcon;
				CODE_SIGN_STYLE = Automatic;
				DEVELOPMENT_TEAM = 3QWK23BRHC;
				INFOPLIST_FILE = flixster/Info.plist;
				LD_RUNPATH_SEARCH_PATHS = (
					"$(inherited)",
					"@executable_path/Frameworks",
				);
				PRODUCT_BUNDLE_IDENTIFIER = com.joeyhwang.flixster;
				PRODUCT_NAME = "$(TARGET_NAME)";
				SWIFT_VERSION = 5.0;
				TARGETED_DEVICE_FAMILY = "1,2";
			};
			name = Release;
		};
/* End XCBuildConfiguration section */

/* Begin XCConfigurationList section */
		E6F413C8225FBAE300F633CB /* Build configuration list for PBXProject "flixster" */ = {
			isa = XCConfigurationList;
			buildConfigurations = (
				E6F413DD225FBAEA00F633CB /* Debug */,
				E6F413DE225FBAEA00F633CB /* Release */,
			);
			defaultConfigurationIsVisible = 0;
			defaultConfigurationName = Release;
		};
		E6F413DF225FBAEA00F633CB /* Build configuration list for PBXNativeTarget "flixster" */ = {
			isa = XCConfigurationList;
			buildConfigurations = (
				E6F413E0225FBAEA00F633CB /* Debug */,
				E6F413E1225FBAEA00F633CB /* Release */,
			);
			defaultConfigurationIsVisible = 0;
			defaultConfigurationName = Release;
		};
/* End XCConfigurationList section */
	};
	rootObject = E6F413C5225FBAE300F633CB /* Project object */;
}
